
Microsoft Visual Studio Solution File, Format Version 12.00
# Visual Studio Version 17
VisualStudioVersion = 17.11.35312.102
MinimumVisualStudioVersion = 10.0.40219.1
Project("{8BC9CEB8-8B4A-11D0-8D11-00A0C91BC942}") = "SecondServer", "SecondServer\SecondServer.vcxproj", "{A6BA6E04-59AB-45FE-AF4A-2869B8BD770D}"
EndProject
Global
	GlobalSection(SolutionConfigurationPlatforms) = preSolution
		Debug|ARM = Debug|ARM
		Debug|ARM64 = Debug|ARM64
		Debug|x64 = Debug|x64
		Debug|x86 = Debug|x86
		Release|ARM = Release|ARM
		Release|ARM64 = Release|ARM64
		Release|x64 = Release|x64
		Release|x86 = Release|x86
	EndGlobalSection
	GlobalSection(ProjectConfigurationPlatforms) = postSolution
		{A6BA6E04-59AB-45FE-AF4A-2869B8BD770D}.Debug|ARM.ActiveCfg = Debug|ARM
		{A6BA6E04-59AB-45FE-AF4A-2869B8BD770D}.Debug|ARM.Build.0 = Debug|ARM
		{A6BA6E04-59AB-45FE-AF4A-2869B8BD770D}.Debug|ARM.Deploy.0 = Debug|ARM
		{A6BA6E04-59AB-45FE-AF4A-2869B8BD770D}.Debug|ARM64.ActiveCfg = Debug|ARM64
		{A6BA6E04-59AB-45FE-AF4A-2869B8BD770D}.Debug|ARM64.Build.0 = Debug|ARM64
		{A6BA6E04-59AB-45FE-AF4A-2869B8BD770D}.Debug|ARM64.Deploy.0 = Debug|ARM64
		{A6BA6E04-59AB-45FE-AF4A-2869B8BD770D}.Debug|x64.ActiveCfg = Debug|x64
		{A6BA6E04-59AB-45FE-AF4A-2869B8BD770D}.Debug|x64.Build.0 = Debug|x64
		{A6BA6E04-59AB-45FE-AF4A-2869B8BD770D}.Debug|x64.Deploy.0 = Debug|x64
		{A6BA6E04-59AB-45FE-AF4A-2869B8BD770D}.Debug|x86.ActiveCfg = Debug|x86
		{A6BA6E04-59AB-45FE-AF4A-2869B8BD770D}.Debug|x86.Build.0 = Debug|x86
		{A6BA6E04-59AB-45FE-AF4A-2869B8BD770D}.Debug|x86.Deploy.0 = Debug|x86
		{A6BA6E04-59AB-45FE-AF4A-2869B8BD770D}.Release|ARM.ActiveCfg = Release|ARM
		{A6BA6E04-59AB-45FE-AF4A-2869B8BD770D}.Release|ARM.Build.0 = Release|ARM
		{A6BA6E04-59AB-45FE-AF4A-2869B8BD770D}.Release|ARM.Deploy.0 = Release|ARM
		{A6BA6E04-59AB-45FE-AF4A-2869B8BD770D}.Release|ARM64.ActiveCfg = Release|ARM64
		{A6BA6E04-59AB-45FE-AF4A-2869B8BD770D}.Release|ARM64.Build.0 = Release|ARM64
		{A6BA6E04-59AB-45FE-AF4A-2869B8BD770D}.Release|ARM64.Deploy.0 = Release|ARM64
		{A6BA6E04-59AB-45FE-AF4A-2869B8BD770D}.Release|x64.ActiveCfg = Release|x64
		{A6BA6E04-59AB-45FE-AF4A-2869B8BD770D}.Release|x64.Build.0 = Release|x64
		{A6BA6E04-59AB-45FE-AF4A-2869B8BD770D}.Release|x64.Deploy.0 = Release|x64
		{A6BA6E04-59AB-45FE-AF4A-2869B8BD770D}.Release|x86.ActiveCfg = Release|x86
		{A6BA6E04-59AB-45FE-AF4A-2869B8BD770D}.Release|x86.Build.0 = Release|x86
		{A6BA6E04-59AB-45FE-AF4A-2869B8BD770D}.Release|x86.Deploy.0 = Release|x86
	EndGlobalSection
	GlobalSection(SolutionProperties) = preSolution
		HideSolutionNode = FALSE
	EndGlobalSection
	GlobalSection(ExtensibilityGlobals) = postSolution
		SolutionGuid = {00BF6D73-4889-4617-974E-8ECC76432CD1}
	EndGlobalSection
EndGlobal
